
Microsoft Visual Studio Solution File, Format Version 12.00
Project("{2150E333-8FDC-42A3-9474-1A3956D46DE8}") = "src", "src", "{203B3AF5-4036-43B6-AE0C-89BA0F9DE1B5}"
EndProject
Project("{2150E333-8FDC-42A3-9474-1A3956D46DE8}") = "test", "test", "{D6A5F985-3A2D-4284-B66C-C258ABEECE00}"
EndProject
Project("{E53339B2-1760-4266-BCC7-CA923CBCF16C}") = "docker-compose", "dockerCompose\docker-compose.dcproj", "{C89AF81C-96BB-46F2-B0BE-6CDA86B7FA74}"
EndProject
Project("{FAE04EC0-301F-11D3-BF4B-00C04F79EFBC}") = "Caracal.Assess.Api", "src\Caracal.Assess.Api\Caracal.Assess.Api.csproj", "{61131B87-3331-4A5D-BC83-4BB392969C27}"
EndProject
Project("{FAE04EC0-301F-11D3-BF4B-00C04F79EFBC}") = "Caracal.Assess.Application", "src\libs\Caracal.Assess.Application\Caracal.Assess.Application.csproj", "{C4A396DF-0B08-478C-A095-A059707790D8}"
EndProject
Project("{FAE04EC0-301F-11D3-BF4B-00C04F79EFBC}") = "Caracal.Core", "src\libs\Caracal.Core\Caracal.Core.csproj", "{CBAFC8D3-63B6-4AD3-9507-8CF1228ADD22}"
EndProject
Project("{FAE04EC0-301F-11D3-BF4B-00C04F79EFBC}") = "Caracal.Assess.Data", "src\libs\Caracal.Assess.Data\Caracal.Assess.Data.csproj", "{C5868168-F8AE-427D-B284-6890771D9108}"
EndProject
Project("{FAE04EC0-301F-11D3-BF4B-00C04F79EFBC}") = "Caracal.Assess.Application.Tests.Unit", "test\Caracal.Assess.Application.Tests.Unit\Caracal.Assess.Application.Tests.Unit.csproj", "{170BBE14-8B67-449F-A0CD-6709336D0AA3}"
EndProject
Project("{FAE04EC0-301F-11D3-BF4B-00C04F79EFBC}") = "Caracal.Identity.Web", "src\Caracal.Identity.Web\Caracal.Identity.Web.csproj", "{940A6258-D3A3-4343-B95C-4C28C67DEED6}"
EndProject
Project("{FAE04EC0-301F-11D3-BF4B-00C04F79EFBC}") = "Caracal.Assess.Mvc", "src\Caracal.Assess.Mvc\Caracal.Assess.Mvc.csproj", "{CE4B08C3-D9C9-46AE-81FD-1398A42921FC}"
EndProject
Project("{2150E333-8FDC-42A3-9474-1A3956D46DE8}") = "libs", "libs", "{267004BB-C712-40C7-B6EC-DC49ADA8CEB0}"
EndProject
Global
	GlobalSection(SolutionConfigurationPlatforms) = preSolution
		Debug|Any CPU = Debug|Any CPU
		Release|Any CPU = Release|Any CPU
	EndGlobalSection
	GlobalSection(NestedProjects) = preSolution
		{61131B87-3331-4A5D-BC83-4BB392969C27} = {203B3AF5-4036-43B6-AE0C-89BA0F9DE1B5}
		{170BBE14-8B67-449F-A0CD-6709336D0AA3} = {D6A5F985-3A2D-4284-B66C-C258ABEECE00}
		{940A6258-D3A3-4343-B95C-4C28C67DEED6} = {203B3AF5-4036-43B6-AE0C-89BA0F9DE1B5}
		{CE4B08C3-D9C9-46AE-81FD-1398A42921FC} = {203B3AF5-4036-43B6-AE0C-89BA0F9DE1B5}
		{267004BB-C712-40C7-B6EC-DC49ADA8CEB0} = {203B3AF5-4036-43B6-AE0C-89BA0F9DE1B5}
		{C4A396DF-0B08-478C-A095-A059707790D8} = {267004BB-C712-40C7-B6EC-DC49ADA8CEB0}
		{C5868168-F8AE-427D-B284-6890771D9108} = {267004BB-C712-40C7-B6EC-DC49ADA8CEB0}
		{CBAFC8D3-63B6-4AD3-9507-8CF1228ADD22} = {267004BB-C712-40C7-B6EC-DC49ADA8CEB0}
	EndGlobalSection
	GlobalSection(ProjectConfigurationPlatforms) = postSolution
		{61131B87-3331-4A5D-BC83-4BB392969C27}.Debug|Any CPU.ActiveCfg = Debug|Any CPU
		{61131B87-3331-4A5D-BC83-4BB392969C27}.Debug|Any CPU.Build.0 = Debug|Any CPU
		{61131B87-3331-4A5D-BC83-4BB392969C27}.Release|Any CPU.ActiveCfg = Release|Any CPU
		{61131B87-3331-4A5D-BC83-4BB392969C27}.Release|Any CPU.Build.0 = Release|Any CPU
		{C4A396DF-0B08-478C-A095-A059707790D8}.Debug|Any CPU.ActiveCfg = Debug|Any CPU
		{C4A396DF-0B08-478C-A095-A059707790D8}.Debug|Any CPU.Build.0 = Debug|Any CPU
		{C4A396DF-0B08-478C-A095-A059707790D8}.Release|Any CPU.ActiveCfg = Release|Any CPU
		{C4A396DF-0B08-478C-A095-A059707790D8}.Release|Any CPU.Build.0 = Release|Any CPU
		{CBAFC8D3-63B6-4AD3-9507-8CF1228ADD22}.Debug|Any CPU.ActiveCfg = Debug|Any CPU
		{CBAFC8D3-63B6-4AD3-9507-8CF1228ADD22}.Debug|Any CPU.Build.0 = Debug|Any CPU
		{CBAFC8D3-63B6-4AD3-9507-8CF1228ADD22}.Release|Any CPU.ActiveCfg = Release|Any CPU
		{CBAFC8D3-63B6-4AD3-9507-8CF1228ADD22}.Release|Any CPU.Build.0 = Release|Any CPU
		{C5868168-F8AE-427D-B284-6890771D9108}.Debug|Any CPU.ActiveCfg = Debug|Any CPU
		{C5868168-F8AE-427D-B284-6890771D9108}.Debug|Any CPU.Build.0 = Debug|Any CPU
		{C5868168-F8AE-427D-B284-6890771D9108}.Release|Any CPU.ActiveCfg = Release|Any CPU
		{C5868168-F8AE-427D-B284-6890771D9108}.Release|Any CPU.Build.0 = Release|Any CPU
		{170BBE14-8B67-449F-A0CD-6709336D0AA3}.Debug|Any CPU.ActiveCfg = Debug|Any CPU
		{170BBE14-8B67-449F-A0CD-6709336D0AA3}.Debug|Any CPU.Build.0 = Debug|Any CPU
		{170BBE14-8B67-449F-A0CD-6709336D0AA3}.Release|Any CPU.ActiveCfg = Release|Any CPU
		{170BBE14-8B67-449F-A0CD-6709336D0AA3}.Release|Any CPU.Build.0 = Release|Any CPU
		{940A6258-D3A3-4343-B95C-4C28C67DEED6}.Debug|Any CPU.ActiveCfg = Debug|Any CPU
		{940A6258-D3A3-4343-B95C-4C28C67DEED6}.Debug|Any CPU.Build.0 = Debug|Any CPU
		{940A6258-D3A3-4343-B95C-4C28C67DEED6}.Release|Any CPU.ActiveCfg = Release|Any CPU
		{940A6258-D3A3-4343-B95C-4C28C67DEED6}.Release|Any CPU.Build.0 = Release|Any CPU
		{CE4B08C3-D9C9-46AE-81FD-1398A42921FC}.Debug|Any CPU.ActiveCfg = Debug|Any CPU
		{CE4B08C3-D9C9-46AE-81FD-1398A42921FC}.Debug|Any CPU.Build.0 = Debug|Any CPU
		{CE4B08C3-D9C9-46AE-81FD-1398A42921FC}.Release|Any CPU.ActiveCfg = Release|Any CPU
		{CE4B08C3-D9C9-46AE-81FD-1398A42921FC}.Release|Any CPU.Build.0 = Release|Any CPU
	EndGlobalSection
EndGlobal
